PODS:
  - ACategory (0.1.0):
    - CTMediator
  - CTMediator (18)

DEPENDENCIES:
  - ACategory (from `../`)
  - CTMediator

SPEC REPOS:
  https://github.com/cocoapods/specs.git:
    - CTMediator

EXTERNAL SOURCES:
  ACategory:
    :path: "../"

SPEC CHECKSUMS:
  ACategory: 99cecdd4597ee88669d8050439bb6ddabc511947
  CTMediator: 420e9d90f9f1fd740caf2238ed7ed64dc621c5b7

PODFILE CHECKSUM: 4dce932fc42764bc29cb0b72603420b73936e261

COCOAPODS: 1.5.3
